
Microsoft Visual Studio Solution File, Format Version 12.00
# Visual Studio Version 16
VisualStudioVersion = 16.0.30204.135
MinimumVisualStudioVersion = 10.0.40219.1
Project("{FAE04EC0-301F-11D3-BF4B-00C04F79EFBC}") = "siemens_volt", "siemens_volt\siemens_volt.csproj", "{CDCE4E25-5EAF-412A-B956-B3C3540093D6}"
EndProject
Global
	GlobalSection(SolutionConfigurationPlatforms) = preSolution
		Debug|Any CPU = Debug|Any CPU
		Release|Any CPU = Release|Any CPU
	EndGlobalSection
	GlobalSection(ProjectConfigurationPlatforms) = postSolution
		{CDCE4E25-5EAF-412A-B956-B3C3540093D6}.Debug|Any CPU.ActiveCfg = Debug|Any CPU
		{CDCE4E25-5EAF-412A-B956-B3C3540093D6}.Debug|Any CPU.Build.0 = Debug|Any CPU
		{CDCE4E25-5EAF-412A-B956-B3C3540093D6}.Release|Any CPU.ActiveCfg = Release|Any CPU
		{CDCE4E25-5EAF-412A-B956-B3C3540093D6}.Release|Any CPU.Build.0 = Release|Any CPU
	EndGlobalSection
	GlobalSection(SolutionProperties) = preSolution
		HideSolutionNode = FALSE
	EndGlobalSection
	GlobalSection(ExtensibilityGlobals) = postSolution
		SolutionGuid = {D8267A05-8F0C-4076-9E12-AE661BC7107C}
	EndGlobalSection
EndGlobal
